// !$*UTF8*$!
{
	archiveVersion = 1;
	classes = {
	};
	objectVersion = 48;
	objects = {

/* Begin PBXBuildFile section */
		020524661FAD853000200249 /* AppDelegate.swift in Sources */ = {isa = PBXBuildFile; fileRef = 020524651FAD853000200249 /* AppDelegate.swift */; };
		020524681FAD853000200249 /* CurrentGameViewController.swift in Sources */ = {isa = PBXBuildFile; fileRef = 020524671FAD853000200249 /* CurrentGameViewController.swift */; };
		0205246A1FAD853000200249 /* TeamViewController.swift in Sources */ = {isa = PBXBuildFile; fileRef = 020524691FAD853000200249 /* TeamViewController.swift */; };
		0205246D1FAD853000200249 /* Main.storyboard in Resources */ = {isa = PBXBuildFile; fileRef = 0205246B1FAD853000200249 /* Main.storyboard */; };
		0205246F1FAD853000200249 /* Assets.xcassets in Resources */ = {isa = PBXBuildFile; fileRef = 0205246E1FAD853000200249 /* Assets.xcassets */; };
		020524721FAD853000200249 /* LaunchScreen.storyboard in Resources */ = {isa = PBXBuildFile; fileRef = 020524701FAD853000200249 /* LaunchScreen.storyboard */; };
		021234FC1FB2499700A3C073 /* ARButton Controller.swift in Sources */ = {isa = PBXBuildFile; fileRef = 021234FB1FB2499700A3C073 /* ARButton Controller.swift */; };
		022A2E421FBEDC170009062B /* SegueTeamPlayersTableViewController.swift in Sources */ = {isa = PBXBuildFile; fileRef = 022A2E411FBEDC170009062B /* SegueTeamPlayersTableViewController.swift */; };
		022A2E441FBEDC330009062B /* TeamPlayerNameTableViewCell.swift in Sources */ = {isa = PBXBuildFile; fileRef = 022A2E431FBEDC330009062B /* TeamPlayerNameTableViewCell.swift */; };
		0239677C1FBBF17F007EDC21 /* CaptureBarViewController.swift in Sources */ = {isa = PBXBuildFile; fileRef = 0239677B1FBBF17F007EDC21 /* CaptureBarViewController.swift */; };
		023C611C1FCF4AA90034CB43 /* Team.swift in Sources */ = {isa = PBXBuildFile; fileRef = 023C611B1FCF4AA90034CB43 /* Team.swift */; };
		0250013D1FAD90C30036D650 /* TestFlagViewController.swift in Sources */ = {isa = PBXBuildFile; fileRef = 0250013C1FAD90C30036D650 /* TestFlagViewController.swift */; };
		025D01421FBE99FD000875BB /* LeaderboardTableViewController.swift in Sources */ = {isa = PBXBuildFile; fileRef = 025D01411FBE99FD000875BB /* LeaderboardTableViewController.swift */; };
		025D01441FBED05B000875BB /* LeaderboardTableViewCell.swift in Sources */ = {isa = PBXBuildFile; fileRef = 025D01431FBED05B000875BB /* LeaderboardTableViewCell.swift */; };
		025D01461FBED23C000875BB /* TeamSegueViewController.swift in Sources */ = {isa = PBXBuildFile; fileRef = 025D01451FBED23C000875BB /* TeamSegueViewController.swift */; };
		027594B61FADA104007B6F34 /* FloatingPoint+Radians.swift in Sources */ = {isa = PBXBuildFile; fileRef = 027594AC1FADA103007B6F34 /* FloatingPoint+Radians.swift */; };
		027594B71FADA104007B6F34 /* SCNVector3+Extensions.swift in Sources */ = {isa = PBXBuildFile; fileRef = 027594AD1FADA103007B6F34 /* SCNVector3+Extensions.swift */; };
		027594B81FADA104007B6F34 /* CGPoint+Extensions.swift in Sources */ = {isa = PBXBuildFile; fileRef = 027594AE1FADA103007B6F34 /* CGPoint+Extensions.swift */; };
		027594B91FADA104007B6F34 /* SceneLocationEstimate+Extensions.swift in Sources */ = {isa = PBXBuildFile; fileRef = 027594AF1FADA104007B6F34 /* SceneLocationEstimate+Extensions.swift */; };
		027594BA1FADA104007B6F34 /* LocationNode.swift in Sources */ = {isa = PBXBuildFile; fileRef = 027594B01FADA104007B6F34 /* LocationNode.swift */; };
		027594BB1FADA104007B6F34 /* CLLocation+Extensions.swift in Sources */ = {isa = PBXBuildFile; fileRef = 027594B11FADA104007B6F34 /* CLLocation+Extensions.swift */; };
		027594BC1FADA104007B6F34 /* LocationManager.swift in Sources */ = {isa = PBXBuildFile; fileRef = 027594B21FADA104007B6F34 /* LocationManager.swift */; };
		027594BD1FADA104007B6F34 /* SceneLocationEstimate.swift in Sources */ = {isa = PBXBuildFile; fileRef = 027594B31FADA104007B6F34 /* SceneLocationEstimate.swift */; };
		027594BE1FADA104007B6F34 /* SCNNode+Extensions.swift in Sources */ = {isa = PBXBuildFile; fileRef = 027594B41FADA104007B6F34 /* SCNNode+Extensions.swift */; };
		027594BF1FADA104007B6F34 /* SceneLocationView.swift in Sources */ = {isa = PBXBuildFile; fileRef = 027594B51FADA104007B6F34 /* SceneLocationView.swift */; };
		027DA7B11FBD6876009EBB22 /* Player.swift in Sources */ = {isa = PBXBuildFile; fileRef = 027DA7B01FBD6876009EBB22 /* Player.swift */; };
		027DA7B31FBD6935009EBB22 /* PlayerTableViewController.swift in Sources */ = {isa = PBXBuildFile; fileRef = 027DA7B21FBD6935009EBB22 /* PlayerTableViewController.swift */; };
		027DA7B51FBD6984009EBB22 /* PlayerTableViewCell.swift in Sources */ = {isa = PBXBuildFile; fileRef = 027DA7B41FBD6984009EBB22 /* PlayerTableViewCell.swift */; };
		029541E51FBCE5D000DD3659 /* Dataset.swift in Sources */ = {isa = PBXBuildFile; fileRef = 029541E41FBCE5D000DD3659 /* Dataset.swift */; };
		02BDA07F1FCF557A00249159 /* Flag.swift in Sources */ = {isa = PBXBuildFile; fileRef = 02BDA07E1FCF557A00249159 /* Flag.swift */; };
		02BDA0811FCF5C5300249159 /* TeamDataSet.swift in Sources */ = {isa = PBXBuildFile; fileRef = 02BDA0801FCF5C5300249159 /* TeamDataSet.swift */; };
		02E69EBF1FAEE29C000F9A3D /* LeaderboardViewController.swift in Sources */ = {isa = PBXBuildFile; fileRef = 02E69EBE1FAEE29C000F9A3D /* LeaderboardViewController.swift */; };
		02E69EC31FAEF685000F9A3D /* EmbededViewController.swift in Sources */ = {isa = PBXBuildFile; fileRef = 02E69EC21FAEF685000F9A3D /* EmbededViewController.swift */; };
		02E69EC51FAEF9C9000F9A3D /* ProfileViewController.swift in Sources */ = {isa = PBXBuildFile; fileRef = 02E69EC41FAEF9C9000F9A3D /* ProfileViewController.swift */; };
		DBAB324FD83956E065ACDB1B /* Pods_CTFHU.framework in Frameworks */ = {isa = PBXBuildFile; fileRef = A5FD6A7802AFD295826A2781 /* Pods_CTFHU.framework */; };
/* End PBXBuildFile section */

/* Begin PBXFileReference section */
		0016DCCEC28C3487C6D719D8 /* Pods-CTFHU.release.xcconfig */ = {isa = PBXFileReference; includeInIndex = 1; lastKnownFileType = text.xcconfig; name = "Pods-CTFHU.release.xcconfig"; path = "Pods/Target Support Files/Pods-CTFHU/Pods-CTFHU.release.xcconfig"; sourceTree = "<group>"; };
		020524621FAD853000200249 /* CTFHU.app */ = {isa = PBXFileReference; explicitFileType = wrapper.application; includeInIndex = 0; path = CTFHU.app; sourceTree = BUILT_PRODUCTS_DIR; };
		020524651FAD853000200249 /* AppDelegate.swift */ = {isa = PBXFileReference; lastKnownFileType = sourcecode.swift; path = AppDelegate.swift; sourceTree = "<group>"; };
		020524671FAD853000200249 /* CurrentGameViewController.swift */ = {isa = PBXFileReference; lastKnownFileType = sourcecode.swift; path = CurrentGameViewController.swift; sourceTree = "<group>"; };
		020524691FAD853000200249 /* TeamViewController.swift */ = {isa = PBXFileReference; lastKnownFileType = sourcecode.swift; path = TeamViewController.swift; sourceTree = "<group>"; };
		0205246C1FAD853000200249 /* Base */ = {isa = PBXFileReference; lastKnownFileType = file.storyboard; name = Base; path = Base.lproj/Main.storyboard; sourceTree = "<group>"; };
		0205246E1FAD853000200249 /* Assets.xcassets */ = {isa = PBXFileReference; lastKnownFileType = folder.assetcatalog; path = Assets.xcassets; sourceTree = "<group>"; };
		020524711FAD853000200249 /* Base */ = {isa = PBXFileReference; lastKnownFileType = file.storyboard; name = Base; path = Base.lproj/LaunchScreen.storyboard; sourceTree = "<group>"; };
		020524731FAD853000200249 /* Info.plist */ = {isa = PBXFileReference; lastKnownFileType = text.plist.xml; path = Info.plist; sourceTree = "<group>"; };
		021234FB1FB2499700A3C073 /* ARButton Controller.swift */ = {isa = PBXFileReference; lastKnownFileType = sourcecode.swift; path = "ARButton Controller.swift"; sourceTree = "<group>"; };
		022A2E411FBEDC170009062B /* SegueTeamPlayersTableViewController.swift */ = {isa = PBXFileReference; lastKnownFileType = sourcecode.swift; path = SegueTeamPlayersTableViewController.swift; sourceTree = "<group>"; };
		022A2E431FBEDC330009062B /* TeamPlayerNameTableViewCell.swift */ = {isa = PBXFileReference; lastKnownFileType = sourcecode.swift; path = TeamPlayerNameTableViewCell.swift; sourceTree = "<group>"; };
		0239677B1FBBF17F007EDC21 /* CaptureBarViewController.swift */ = {isa = PBXFileReference; lastKnownFileType = sourcecode.swift; name = CaptureBarViewController.swift; path = CTFHU/CaptureBarViewController.swift; sourceTree = SOURCE_ROOT; };
		023C611B1FCF4AA90034CB43 /* Team.swift */ = {isa = PBXFileReference; fileEncoding = 4; lastKnownFileType = sourcecode.swift; name = Team.swift; path = "../../../Downloads/CTFHU-master/CTFHU/Team.swift"; sourceTree = "<group>"; };
		0250013C1FAD90C30036D650 /* TestFlagViewController.swift */ = {isa = PBXFileReference; lastKnownFileType = sourcecode.swift; path = TestFlagViewController.swift; sourceTree = "<group>"; };
		025D01411FBE99FD000875BB /* LeaderboardTableViewController.swift */ = {isa = PBXFileReference; lastKnownFileType = sourcecode.swift; path = LeaderboardTableViewController.swift; sourceTree = "<group>"; };
		025D01431FBED05B000875BB /* LeaderboardTableViewCell.swift */ = {isa = PBXFileReference; lastKnownFileType = sourcecode.swift; path = LeaderboardTableViewCell.swift; sourceTree = "<group>"; };
		025D01451FBED23C000875BB /* TeamSegueViewController.swift */ = {isa = PBXFileReference; lastKnownFileType = sourcecode.swift; path = TeamSegueViewController.swift; sourceTree = "<group>"; };
		027594AC1FADA103007B6F34 /* FloatingPoint+Radians.swift */ = {isa = PBXFileReference; fileEncoding = 4; lastKnownFileType = sourcecode.swift; path = "FloatingPoint+Radians.swift"; sourceTree = "<group>"; };
		027594AD1FADA103007B6F34 /* SCNVector3+Extensions.swift */ = {isa = PBXFileReference; fileEncoding = 4; lastKnownFileType = sourcecode.swift; path = "SCNVector3+Extensions.swift"; sourceTree = "<group>"; };
		027594AE1FADA103007B6F34 /* CGPoint+Extensions.swift */ = {isa = PBXFileReference; fileEncoding = 4; lastKnownFileType = sourcecode.swift; path = "CGPoint+Extensions.swift"; sourceTree = "<group>"; };
		027594AF1FADA104007B6F34 /* SceneLocationEstimate+Extensions.swift */ = {isa = PBXFileReference; fileEncoding = 4; lastKnownFileType = sourcecode.swift; path = "SceneLocationEstimate+Extensions.swift"; sourceTree = "<group>"; };
		027594B01FADA104007B6F34 /* LocationNode.swift */ = {isa = PBXFileReference; fileEncoding = 4; lastKnownFileType = sourcecode.swift; path = LocationNode.swift; sourceTree = "<group>"; };
		027594B11FADA104007B6F34 /* CLLocation+Extensions.swift */ = {isa = PBXFileReference; fileEncoding = 4; lastKnownFileType = sourcecode.swift; path = "CLLocation+Extensions.swift"; sourceTree = "<group>"; };
		027594B21FADA104007B6F34 /* LocationManager.swift */ = {isa = PBXFileReference; fileEncoding = 4; lastKnownFileType = sourcecode.swift; path = LocationManager.swift; sourceTree = "<group>"; };
		027594B31FADA104007B6F34 /* SceneLocationEstimate.swift */ = {isa = PBXFileReference; fileEncoding = 4; lastKnownFileType = sourcecode.swift; path = SceneLocationEstimate.swift; sourceTree = "<group>"; };
		027594B41FADA104007B6F34 /* SCNNode+Extensions.swift */ = {isa = PBXFileReference; fileEncoding = 4; lastKnownFileType = sourcecode.swift; path = "SCNNode+Extensions.swift"; sourceTree = "<group>"; };
		027594B51FADA104007B6F34 /* SceneLocationView.swift */ = {isa = PBXFileReference; fileEncoding = 4; lastKnownFileType = sourcecode.swift; path = SceneLocationView.swift; sourceTree = "<group>"; };
		027DA7B01FBD6876009EBB22 /* Player.swift */ = {isa = PBXFileReference; lastKnownFileType = sourcecode.swift; path = Player.swift; sourceTree = "<group>"; };
		027DA7B21FBD6935009EBB22 /* PlayerTableViewController.swift */ = {isa = PBXFileReference; lastKnownFileType = sourcecode.swift; path = PlayerTableViewController.swift; sourceTree = "<group>"; };
		027DA7B41FBD6984009EBB22 /* PlayerTableViewCell.swift */ = {isa = PBXFileReference; lastKnownFileType = sourcecode.swift; path = PlayerTableViewCell.swift; sourceTree = "<group>"; };
		029541E41FBCE5D000DD3659 /* Dataset.swift */ = {isa = PBXFileReference; lastKnownFileType = sourcecode.swift; path = Dataset.swift; sourceTree = "<group>"; };
		02BDA07E1FCF557A00249159 /* Flag.swift */ = {isa = PBXFileReference; lastKnownFileType = sourcecode.swift; path = Flag.swift; sourceTree = "<group>"; };
		02BDA0801FCF5C5300249159 /* TeamDataSet.swift */ = {isa = PBXFileReference; lastKnownFileType = sourcecode.swift; path = TeamDataSet.swift; sourceTree = "<group>"; };
		02E69EBE1FAEE29C000F9A3D /* LeaderboardViewController.swift */ = {isa = PBXFileReference; lastKnownFileType = sourcecode.swift; path = LeaderboardViewController.swift; sourceTree = "<group>"; };
		02E69EC21FAEF685000F9A3D /* EmbededViewController.swift */ = {isa = PBXFileReference; lastKnownFileType = sourcecode.swift; path = EmbededViewController.swift; sourceTree = "<group>"; };
		02E69EC41FAEF9C9000F9A3D /* ProfileViewController.swift */ = {isa = PBXFileReference; lastKnownFileType = sourcecode.swift; path = ProfileViewController.swift; sourceTree = "<group>"; };
		060A3A2ADB009FB419D28BE3 /* Pods-CTFHU.debug.xcconfig */ = {isa = PBXFileReference; includeInIndex = 1; lastKnownFileType = text.xcconfig; name = "Pods-CTFHU.debug.xcconfig"; path = "Pods/Target Support Files/Pods-CTFHU/Pods-CTFHU.debug.xcconfig"; sourceTree = "<group>"; };
		A5FD6A7802AFD295826A2781 /* Pods_CTFHU.framework */ = {isa = PBXFileReference; explicitFileType = wrapper.framework; includeInIndex = 0; path = Pods_CTFHU.framework; sourceTree = BUILT_PRODUCTS_DIR; };
/* End PBXFileReference section */

/* Begin PBXFrameworksBuildPhase section */
		0205245F1FAD853000200249 /* Frameworks */ = {
			isa = PBXFrameworksBuildPhase;
			buildActionMask = 2147483647;
			files = (
				DBAB324FD83956E065ACDB1B /* Pods_CTFHU.framework in Frameworks */,
			);
			runOnlyForDeploymentPostprocessing = 0;
		};
/* End PBXFrameworksBuildPhase section */

/* Begin PBXGroup section */
		020524591FAD853000200249 = {
			isa = PBXGroup;
			children = (
				020524641FAD853000200249 /* CTFHU */,
				020524631FAD853000200249 /* Products */,
				0207FA4A1FB9338A00468E5E /* Frameworks */,
				D6E583D3528F8F4B276CE36C /* Pods */,
			);
			sourceTree = "<group>";
		};
		020524631FAD853000200249 /* Products */ = {
			isa = PBXGroup;
			children = (
				020524621FAD853000200249 /* CTFHU.app */,
			);
			name = Products;
			sourceTree = "<group>";
		};
		020524641FAD853000200249 /* CTFHU */ = {
			isa = PBXGroup;
			children = (
				025001401FAD93580036D650 /* Source */,
				0205246B1FAD853000200249 /* Main.storyboard */,
				0205246E1FAD853000200249 /* Assets.xcassets */,
				020524701FAD853000200249 /* LaunchScreen.storyboard */,
				020524731FAD853000200249 /* Info.plist */,
				020524651FAD853000200249 /* AppDelegate.swift */,
				021234FB1FB2499700A3C073 /* ARButton Controller.swift */,
				0239677B1FBBF17F007EDC21 /* CaptureBarViewController.swift */,
				020524671FAD853000200249 /* CurrentGameViewController.swift */,
				029541E41FBCE5D000DD3659 /* Dataset.swift */,
				02E69EC21FAEF685000F9A3D /* EmbededViewController.swift */,
				02BDA07E1FCF557A00249159 /* Flag.swift */,
				02E69EBE1FAEE29C000F9A3D /* LeaderboardViewController.swift */,
				025D01431FBED05B000875BB /* LeaderboardTableViewCell.swift */,
				025D01411FBE99FD000875BB /* LeaderboardTableViewController.swift */,
				02E69EC41FAEF9C9000F9A3D /* ProfileViewController.swift */,
				027DA7B01FBD6876009EBB22 /* Player.swift */,
				027DA7B41FBD6984009EBB22 /* PlayerTableViewCell.swift */,
				027DA7B21FBD6935009EBB22 /* PlayerTableViewController.swift */,
				022A2E411FBEDC170009062B /* SegueTeamPlayersTableViewController.swift */,
				023C611B1FCF4AA90034CB43 /* Team.swift */,
				02BDA0801FCF5C5300249159 /* TeamDataSet.swift */,
				0250013C1FAD90C30036D650 /* TestFlagViewController.swift */,
				022A2E431FBEDC330009062B /* TeamPlayerNameTableViewCell.swift */,
				025D01451FBED23C000875BB /* TeamSegueViewController.swift */,
				020524691FAD853000200249 /* TeamViewController.swift */,
			);
			path = CTFHU;
			sourceTree = "<group>";
		};
		0207FA4A1FB9338A00468E5E /* Frameworks */ = {
			isa = PBXGroup;
			children = (
				A5FD6A7802AFD295826A2781 /* Pods_CTFHU.framework */,
			);
			name = Frameworks;
			sourceTree = "<group>";
		};
		025001401FAD93580036D650 /* Source */ = {
			isa = PBXGroup;
			children = (
				027594AE1FADA103007B6F34 /* CGPoint+Extensions.swift */,
				027594B11FADA104007B6F34 /* CLLocation+Extensions.swift */,
				027594AC1FADA103007B6F34 /* FloatingPoint+Radians.swift */,
				027594B21FADA104007B6F34 /* LocationManager.swift */,
				027594B01FADA104007B6F34 /* LocationNode.swift */,
				027594B31FADA104007B6F34 /* SceneLocationEstimate.swift */,
				027594AF1FADA104007B6F34 /* SceneLocationEstimate+Extensions.swift */,
				027594B51FADA104007B6F34 /* SceneLocationView.swift */,
				027594B41FADA104007B6F34 /* SCNNode+Extensions.swift */,
				027594AD1FADA103007B6F34 /* SCNVector3+Extensions.swift */,
			);
			path = Source;
			sourceTree = "<group>";
		};
		D6E583D3528F8F4B276CE36C /* Pods */ = {
			isa = PBXGroup;
			children = (
				060A3A2ADB009FB419D28BE3 /* Pods-CTFHU.debug.xcconfig */,
				0016DCCEC28C3487C6D719D8 /* Pods-CTFHU.release.xcconfig */,
			);
			name = Pods;
			sourceTree = "<group>";
		};
/* End PBXGroup section */

/* Begin PBXNativeTarget section */
		020524611FAD853000200249 /* CTFHU */ = {
			isa = PBXNativeTarget;
			buildConfigurationList = 020524761FAD853000200249 /* Build configuration list for PBXNativeTarget "CTFHU" */;
			buildPhases = (
				8B088B8A283DF9524B36D882 /* [CP] Check Pods Manifest.lock */,
				0205245E1FAD853000200249 /* Sources */,
				0205245F1FAD853000200249 /* Frameworks */,
				020524601FAD853000200249 /* Resources */,
				753FC7C51CD25B6EF02DD381 /* [CP] Embed Pods Frameworks */,
				7ADB862120E32F22F4A72076 /* [CP] Copy Pods Resources */,
			);
			buildRules = (
			);
			dependencies = (
			);
			name = CTFHU;
			productName = CTFHU;
			productReference = 020524621FAD853000200249 /* CTFHU.app */;
			productType = "com.apple.product-type.application";
		};
/* End PBXNativeTarget section */

/* Begin PBXProject section */
		0205245A1FAD853000200249 /* Project object */ = {
			isa = PBXProject;
			attributes = {
				LastSwiftUpdateCheck = 0910;
				LastUpgradeCheck = 0910;
				ORGANIZATIONNAME = "Logan Cain";
				TargetAttributes = {
					020524611FAD853000200249 = {
						CreatedOnToolsVersion = 9.1;
						ProvisioningStyle = Automatic;
					};
				};
			};
			buildConfigurationList = 0205245D1FAD853000200249 /* Build configuration list for PBXProject "CTFHU" */;
			compatibilityVersion = "Xcode 8.0";
			developmentRegion = en;
			hasScannedForEncodings = 0;
			knownRegions = (
				en,
				Base,
			);
			mainGroup = 020524591FAD853000200249;
			productRefGroup = 020524631FAD853000200249 /* Products */;
			projectDirPath = "";
			projectRoot = "";
			targets = (
				020524611FAD853000200249 /* CTFHU */,
			);
		};
/* End PBXProject section */

/* Begin PBXResourcesBuildPhase section */
		020524601FAD853000200249 /* Resources */ = {
			isa = PBXResourcesBuildPhase;
			buildActionMask = 2147483647;
			files = (
				020524721FAD853000200249 /* LaunchScreen.storyboard in Resources */,
				0205246F1FAD853000200249 /* Assets.xcassets in Resources */,
				0205246D1FAD853000200249 /* Main.storyboard in Resources */,
			);
			runOnlyForDeploymentPostprocessing = 0;
		};
/* End PBXResourcesBuildPhase section */

/* Begin PBXShellScriptBuildPhase section */
		753FC7C51CD25B6EF02DD381 /* [CP] Embed Pods Frameworks */ = {
			isa = PBXShellScriptBuildPhase;
			buildActionMask = 2147483647;
			files = (
			);
			inputPaths = (
				"${SRCROOT}/Pods/Target Support Files/Pods-CTFHU/Pods-CTFHU-frameworks.sh",
				"${BUILT_PRODUCTS_DIR}/MKMagneticProgress/MKMagneticProgress.framework",
			);
			name = "[CP] Embed Pods Frameworks";
			outputPaths = (
				"${TARGET_BUILD_DIR}/${FRAMEWORKS_FOLDER_PATH}/MKMagneticProgress.framework",
			);
			runOnlyForDeploymentPostprocessing = 0;
			shellPath = /bin/sh;
			shellScript = "\"${SRCROOT}/Pods/Target Support Files/Pods-CTFHU/Pods-CTFHU-frameworks.sh\"\n";
			showEnvVarsInLog = 0;
		};
		7ADB862120E32F22F4A72076 /* [CP] Copy Pods Resources */ = {
			isa = PBXShellScriptBuildPhase;
			buildActionMask = 2147483647;
			files = (
			);
			inputPaths = (
			);
			name = "[CP] Copy Pods Resources";
			outputPaths = (
			);
			runOnlyForDeploymentPostprocessing = 0;
			shellPath = /bin/sh;
			shellScript = "\"${SRCROOT}/Pods/Target Support Files/Pods-CTFHU/Pods-CTFHU-resources.sh\"\n";
			showEnvVarsInLog = 0;
		};
		8B088B8A283DF9524B36D882 /* [CP] Check Pods Manifest.lock */ = {
			isa = PBXShellScriptBuildPhase;
			buildActionMask = 2147483647;
			files = (
			);
			inputPaths = (
				"${PODS_PODFILE_DIR_PATH}/Podfile.lock",
				"${PODS_ROOT}/Manifest.lock",
			);
			name = "[CP] Check Pods Manifest.lock";
			outputPaths = (
				"$(DERIVED_FILE_DIR)/Pods-CTFHU-checkManifestLockResult.txt",
			);
			runOnlyForDeploymentPostprocessing = 0;
			shellPath = /bin/sh;
			shellScript = "diff \"${PODS_PODFILE_DIR_PATH}/Podfile.lock\" \"${PODS_ROOT}/Manifest.lock\" > /dev/null\nif [ $? != 0 ] ; then\n    # print error to STDERR\n    echo \"error: The sandbox is not in sync with the Podfile.lock. Run 'pod install' or update your CocoaPods installation.\" >&2\n    exit 1\nfi\n# This output is used by Xcode 'outputs' to avoid re-running this script phase.\necho \"SUCCESS\" > \"${SCRIPT_OUTPUT_FILE_0}\"\n";
			showEnvVarsInLog = 0;
		};
/* End PBXShellScriptBuildPhase section */

/* Begin PBXSourcesBuildPhase section */
		0205245E1FAD853000200249 /* Sources */ = {
			isa = PBXSourcesBuildPhase;
			buildActionMask = 2147483647;
			files = (
				027594BA1FADA104007B6F34 /* LocationNode.swift in Sources */,
				021234FC1FB2499700A3C073 /* ARButton Controller.swift in Sources */,
				027594BB1FADA104007B6F34 /* CLLocation+Extensions.swift in Sources */,
				027594BF1FADA104007B6F34 /* SceneLocationView.swift in Sources */,
				027DA7B11FBD6876009EBB22 /* Player.swift in Sources */,
				027594B81FADA104007B6F34 /* CGPoint+Extensions.swift in Sources */,
				02BDA0811FCF5C5300249159 /* TeamDataSet.swift in Sources */,
				027594BC1FADA104007B6F34 /* LocationManager.swift in Sources */,
				025D01461FBED23C000875BB /* TeamSegueViewController.swift in Sources */,
				027DA7B51FBD6984009EBB22 /* PlayerTableViewCell.swift in Sources */,
				0239677C1FBBF17F007EDC21 /* CaptureBarViewController.swift in Sources */,
				0250013D1FAD90C30036D650 /* TestFlagViewController.swift in Sources */,
				027594B71FADA104007B6F34 /* SCNVector3+Extensions.swift in Sources */,
				027DA7B31FBD6935009EBB22 /* PlayerTableViewController.swift in Sources */,
				02E69EC51FAEF9C9000F9A3D /* ProfileViewController.swift in Sources */,
				02E69EBF1FAEE29C000F9A3D /* LeaderboardViewController.swift in Sources */,
				02E69EC31FAEF685000F9A3D /* EmbededViewController.swift in Sources */,
				022A2E421FBEDC170009062B /* SegueTeamPlayersTableViewController.swift in Sources */,
				023C611C1FCF4AA90034CB43 /* Team.swift in Sources */,
				027594B61FADA104007B6F34 /* FloatingPoint+Radians.swift in Sources */,
				025D01441FBED05B000875BB /* LeaderboardTableViewCell.swift in Sources */,
				0205246A1FAD853000200249 /* TeamViewController.swift in Sources */,
				022A2E441FBEDC330009062B /* TeamPlayerNameTableViewCell.swift in Sources */,
				025D01421FBE99FD000875BB /* LeaderboardTableViewController.swift in Sources */,
				020524661FAD853000200249 /* AppDelegate.swift in Sources */,
				027594BD1FADA104007B6F34 /* SceneLocationEstimate.swift in Sources */,
				029541E51FBCE5D000DD3659 /* Dataset.swift in Sources */,
				027594BE1FADA104007B6F34 /* SCNNode+Extensions.swift in Sources */,
				020524681FAD853000200249 /* CurrentGameViewController.swift in Sources */,
				027594B91FADA104007B6F34 /* SceneLocationEstimate+Extensions.swift in Sources */,
				02BDA07F1FCF557A00249159 /* Flag.swift in Sources */,
			);
			runOnlyForDeploymentPostprocessing = 0;
		};
/* End PBXSourcesBuildPhase section */

/* Begin PBXVariantGroup section */
		0205246B1FAD853000200249 /* Main.storyboard */ = {
			isa = PBXVariantGroup;
			children = (
				0205246C1FAD853000200249 /* Base */,
			);
			name = Main.storyboard;
			sourceTree = "<group>";
		};
		020524701FAD853000200249 /* LaunchScreen.storyboard */ = {
			isa = PBXVariantGroup;
			children = (
				020524711FAD853000200249 /* Base */,
			);
			name = LaunchScreen.storyboard;
			sourceTree = "<group>";
		};
/* End PBXVariantGroup section */

/* Begin XCBuildConfiguration section */
		020524741FAD853000200249 /* Debug */ = {
			isa = XCBuildConfiguration;
			buildSettings = {
				ALWAYS_SEARCH_USER_PATHS = NO;
				CLANG_ANALYZER_NONNULL = YES;
				CLANG_ANALYZER_NUMBER_OBJECT_CONVERSION = YES_AGGRESSIVE;
				CLANG_CXX_LANGUAGE_STANDARD = "gnu++14";
				CLANG_CXX_LIBRARY = "libc++";
				CLANG_ENABLE_MODULES = YES;
				CLANG_ENABLE_OBJC_ARC = YES;
				CLANG_WARN_BLOCK_CAPTURE_AUTORELEASING = YES;
				CLANG_WARN_BOOL_CONVERSION = YES;
				CLANG_WARN_COMMA = YES;
				CLANG_WARN_CONSTANT_CONVERSION = YES;
				CLANG_WARN_DIRECT_OBJC_ISA_USAGE = YES_ERROR;
				CLANG_WARN_DOCUMENTATION_COMMENTS = YES;
				CLANG_WARN_EMPTY_BODY = YES;
				CLANG_WARN_ENUM_CONVERSION = YES;
				CLANG_WARN_INFINITE_RECURSION = YES;
				CLANG_WARN_INT_CONVERSION = YES;
				CLANG_WARN_NON_LITERAL_NULL_CONVERSION = YES;
				CLANG_WARN_OBJC_LITERAL_CONVERSION = YES;
				CLANG_WARN_OBJC_ROOT_CLASS = YES_ERROR;
				CLANG_WARN_RANGE_LOOP_ANALYSIS = YES;
				CLANG_WARN_STRICT_PROTOTYPES = YES;
				CLANG_WARN_SUSPICIOUS_MOVE = YES;
				CLANG_WARN_UNGUARDED_AVAILABILITY = YES_AGGRESSIVE;
				CLANG_WARN_UNREACHABLE_CODE = YES;
				CLANG_WARN__DUPLICATE_METHOD_MATCH = YES;
				CODE_SIGN_IDENTITY = "iPhone Developer";
				COPY_PHASE_STRIP = NO;
				DEBUG_INFORMATION_FORMAT = dwarf;
				ENABLE_STRICT_OBJC_MSGSEND = YES;
				ENABLE_TESTABILITY = YES;
				GCC_C_LANGUAGE_STANDARD = gnu11;
				GCC_DYNAMIC_NO_PIC = NO;
				GCC_NO_COMMON_BLOCKS = YES;
				GCC_OPTIMIZATION_LEVEL = 0;
				GCC_PREPROCESSOR_DEFINITIONS = (
					"DEBUG=1",
					"$(inherited)",
				);
				GCC_WARN_64_TO_32_BIT_CONVERSION = YES;
				GCC_WARN_ABOUT_RETURN_TYPE = YES_ERROR;
				GCC_WARN_UNDECLARED_SELECTOR = YES;
				GCC_WARN_UNINITIALIZED_AUTOS = YES_AGGRESSIVE;
				GCC_WARN_UNUSED_FUNCTION = YES;
				GCC_WARN_UNUSED_VARIABLE = YES;
				IPHONEOS_DEPLOYMENT_TARGET = 11.1;
				MTL_ENABLE_DEBUG_INFO = YES;
				ONLY_ACTIVE_ARCH = YES;
				SDKROOT = iphoneos;
				SWIFT_ACTIVE_COMPILATION_CONDITIONS = DEBUG;
				SWIFT_OPTIMIZATION_LEVEL = "-Onone";
			};
			name = Debug;
		};
		020524751FAD853000200249 /* Release */ = {
			isa = XCBuildConfiguration;
			buildSettings = {
				ALWAYS_SEARCH_USER_PATHS = NO;
				CLANG_ANALYZER_NONNULL = YES;
				CLANG_ANALYZER_NUMBER_OBJECT_CONVERSION = YES_AGGRESSIVE;
				CLANG_CXX_LANGUAGE_STANDARD = "gnu++14";
				CLANG_CXX_LIBRARY = "libc++";
				CLANG_ENABLE_MODULES = YES;
				CLANG_ENABLE_OBJC_ARC = YES;
				CLANG_WARN_BLOCK_CAPTURE_AUTORELEASING = YES;
				CLANG_WARN_BOOL_CONVERSION = YES;
				CLANG_WARN_COMMA = YES;
				CLANG_WARN_CONSTANT_CONVERSION = YES;
				CLANG_WARN_DIRECT_OBJC_ISA_USAGE = YES_ERROR;
				CLANG_WARN_DOCUMENTATION_COMMENTS = YES;
				CLANG_WARN_EMPTY_BODY = YES;
				CLANG_WARN_ENUM_CONVERSION = YES;
				CLANG_WARN_INFINITE_RECURSION = YES;
				CLANG_WARN_INT_CONVERSION = YES;
				CLANG_WARN_NON_LITERAL_NULL_CONVERSION = YES;
				CLANG_WARN_OBJC_LITERAL_CONVERSION = YES;
				CLANG_WARN_OBJC_ROOT_CLASS = YES_ERROR;
				CLANG_WARN_RANGE_LOOP_ANALYSIS = YES;
				CLANG_WARN_STRICT_PROTOTYPES = YES;
				CLANG_WARN_SUSPICIOUS_MOVE = YES;
				CLANG_WARN_UNGUARDED_AVAILABILITY = YES_AGGRESSIVE;
				CLANG_WARN_UNREACHABLE_CODE = YES;
				CLANG_WARN__DUPLICATE_METHOD_MATCH = YES;
				CODE_SIGN_IDENTITY = "iPhone Developer";
				COPY_PHASE_STRIP = NO;
				DEBUG_INFORMATION_FORMAT = "dwarf-with-dsym";
				ENABLE_NS_ASSERTIONS = NO;
				ENABLE_STRICT_OBJC_MSGSEND = YES;
				GCC_C_LANGUAGE_STANDARD = gnu11;
				GCC_NO_COMMON_BLOCKS = YES;
				GCC_WARN_64_TO_32_BIT_CONVERSION = YES;
				GCC_WARN_ABOUT_RETURN_TYPE = YES_ERROR;
				GCC_WARN_UNDECLARED_SELECTOR = YES;
				GCC_WARN_UNINITIALIZED_AUTOS = YES_AGGRESSIVE;
				GCC_WARN_UNUSED_FUNCTION = YES;
				GCC_WARN_UNUSED_VARIABLE = YES;
				IPHONEOS_DEPLOYMENT_TARGET = 11.1;
				MTL_ENABLE_DEBUG_INFO = NO;
				SDKROOT = iphoneos;
				SWIFT_OPTIMIZATION_LEVEL = "-Owholemodule";
				VALIDATE_PRODUCT = YES;
			};
			name = Release;
		};
		020524771FAD853000200249 /* Debug */ = {
			isa = XCBuildConfiguration;
			baseConfigurationReference = 060A3A2ADB009FB419D28BE3 /* Pods-CTFHU.debug.xcconfig */;
			buildSettings = {
				ASSETCATALOG_COMPILER_APPICON_NAME = AppIcon;
				CODE_SIGN_STYLE = Automatic;
				DEVELOPMENT_TEAM = JD8L27FW4W;
				INFOPLIST_FILE = CTFHU/Info.plist;
				LD_RUNPATH_SEARCH_PATHS = "$(inherited) @executable_path/Frameworks";
				PRODUCT_BUNDLE_IDENTIFIER = fhu.edu.CTFHU;
				PRODUCT_NAME = "$(TARGET_NAME)";
				SWIFT_VERSION = 4.0;
				TARGETED_DEVICE_FAMILY = "1,2";
			};
			name = Debug;
		};
		020524781FAD853000200249 /* Release */ = {
			isa = XCBuildConfiguration;
			baseConfigurationReference = 0016DCCEC28C3487C6D719D8 /* Pods-CTFHU.release.xcconfig */;
			buildSettings = {
				ASSETCATALOG_COMPILER_APPICON_NAME = AppIcon;
				CODE_SIGN_STYLE = Automatic;
				DEVELOPMENT_TEAM = JD8L27FW4W;
				INFOPLIST_FILE = CTFHU/Info.plist;
				LD_RUNPATH_SEARCH_PATHS = "$(inherited) @executable_path/Frameworks";
				PRODUCT_BUNDLE_IDENTIFIER = fhu.edu.CTFHU;
				PRODUCT_NAME = "$(TARGET_NAME)";
				SWIFT_VERSION = 4.0;
				TARGETED_DEVICE_FAMILY = "1,2";
			};
			name = Release;
		};
/* End XCBuildConfiguration section */

/* Begin XCConfigurationList section */
		0205245D1FAD853000200249 /* Build configuration list for PBXProject "CTFHU" */ = {
			isa = XCConfigurationList;
			buildConfigurations = (
				020524741FAD853000200249 /* Debug */,
				020524751FAD853000200249 /* Release */,
			);
			defaultConfigurationIsVisible = 0;
			defaultConfigurationName = Release;
		};
		020524761FAD853000200249 /* Build configuration list for PBXNativeTarget "CTFHU" */ = {
			isa = XCConfigurationList;
			buildConfigurations = (
				020524771FAD853000200249 /* Debug */,
				020524781FAD853000200249 /* Release */,
			);
			defaultConfigurationIsVisible = 0;
			defaultConfigurationName = Release;
		};
/* End XCConfigurationList section */
	};
	rootObject = 0205245A1FAD853000200249 /* Project object */;
}
